
Microsoft Visual Studio Solution File, Format Version 12.00
# Visual Studio 15
VisualStudioVersion = 15.0.28307.421
MinimumVisualStudioVersion = 10.0.40219.1
Project("{9A19103F-16F7-4668-BE54-9A1E7A4F7556}") = "IP_Planning", "IP_Planning\IP_Planning.csproj", "{77124B92-12A2-48B2-AF7F-83F74D2D9AEC}"
	ProjectSection(ProjectDependencies) = postProject
		{C9E0FB71-71AC-495A-8077-592759ADB168} = {C9E0FB71-71AC-495A-8077-592759ADB168}
	EndProjectSection
EndProject
Project("{9A19103F-16F7-4668-BE54-9A1E7A4F7556}") = "IP_Planning_GoogleAPI", "IP_Planning_GoogleAPI\IP_Planning_GoogleAPI.csproj", "{C9E0FB71-71AC-495A-8077-592759ADB168}"
EndProject
Project("{9A19103F-16F7-4668-BE54-9A1E7A4F7556}") = "IP_Planning_Database", "IP_Planning_Database\IP_Planning_Database.csproj", "{289C1505-94CC-4345-8B97-FF3328FCDCBA}"
EndProject
Global
	GlobalSection(SolutionConfigurationPlatforms) = preSolution
		Debug|Any CPU = Debug|Any CPU
		Release|Any CPU = Release|Any CPU
	EndGlobalSection
	GlobalSection(ProjectConfigurationPlatforms) = postSolution
		{77124B92-12A2-48B2-AF7F-83F74D2D9AEC}.Debug|Any CPU.ActiveCfg = Debug|Any CPU
		{77124B92-12A2-48B2-AF7F-83F74D2D9AEC}.Debug|Any CPU.Build.0 = Debug|Any CPU
		{77124B92-12A2-48B2-AF7F-83F74D2D9AEC}.Release|Any CPU.ActiveCfg = Release|Any CPU
		{77124B92-12A2-48B2-AF7F-83F74D2D9AEC}.Release|Any CPU.Build.0 = Release|Any CPU
		{C9E0FB71-71AC-495A-8077-592759ADB168}.Debug|Any CPU.ActiveCfg = Debug|Any CPU
		{C9E0FB71-71AC-495A-8077-592759ADB168}.Debug|Any CPU.Build.0 = Debug|Any CPU
		{C9E0FB71-71AC-495A-8077-592759ADB168}.Release|Any CPU.ActiveCfg = Release|Any CPU
		{C9E0FB71-71AC-495A-8077-592759ADB168}.Release|Any CPU.Build.0 = Release|Any CPU
		{289C1505-94CC-4345-8B97-FF3328FCDCBA}.Debug|Any CPU.ActiveCfg = Debug|Any CPU
		{289C1505-94CC-4345-8B97-FF3328FCDCBA}.Debug|Any CPU.Build.0 = Debug|Any CPU
		{289C1505-94CC-4345-8B97-FF3328FCDCBA}.Release|Any CPU.ActiveCfg = Release|Any CPU
		{289C1505-94CC-4345-8B97-FF3328FCDCBA}.Release|Any CPU.Build.0 = Release|Any CPU
	EndGlobalSection
	GlobalSection(SolutionProperties) = preSolution
		HideSolutionNode = FALSE
	EndGlobalSection
	GlobalSection(ExtensibilityGlobals) = postSolution
		SolutionGuid = {5D47467C-3D1E-4BA4-8B8E-8040485A035E}
	EndGlobalSection
EndGlobal
